{
  "ref": "main",
  "skills": {
    "ask-matt": null,
    "changelog": "0.9.7",
    "cleanup-repo": "0.4.2",
    "code-review": null,
    "codebase-design": null,
    "commit": "0.2.0",
    "diagnosing-bugs": null,
    "domain-modeling": null,
    "grill-me": null,
    "grill-with-docs": null,
    "grilling": null,
    "handoff": null,
    "implement": null,
    "implement-spec": null,
    "improve-codebase-architecture": null,
    "initialise-versioned-repo": "0.1.1",
    "linear-sync": "0.3.5",
    "pr": "0.1.0",
    "preflight": "0.4.1",
    "prototype": null,
    "release-status": "0.2.2",
    "research": null,
    "retro": null,
    "rheged-skills-setup": "0.14.0",
    "send-it": "0.11.0",
    "setup-matt-pocock-skills": null,
    "tdd": null,
    "teach": null,
    "to-questionnaire": null,
    "to-spec": null,
    "to-tickets": null,
    "triage": null,
    "triage-pr": "0.17.2",
    "wait-what": null,
    "wayfinder": null,
    "wizard": null,
    "writing-for-agents": null
  },
  "source": "https://github.com/rheged-studio/agent-skills"
}
