{
  "ref": "main",
  "skills": {
    "changelog": "0.9.6",
    "cleanup-repo": "0.4.2",
    "commit": "0.1.3",
    "initialise-skills": "0.11.2",
    "initialise-versioned-repo": "0.1.1",
    "linear-sync": "0.3.5",
    "preflight": "0.3.0",
    "release-status": "0.2.2",
    "send-it": "0.8.1",
    "triage-pr": "0.13.0"
  },
  "source": "https://github.com/rheged-studio/agent-skills"
}
